
Microsoft Visual Studio Solution File, Format Version 12.00
Project("{FAE04EC0-301F-11D3-BF4B-00C04F79EFBC}") = "MurabitoB.Youtube.Core", "MurabitoB.Youtube.Core\MurabitoB.Youtube.Core.csproj", "{3FCB4D2A-AE69-44D3-AAA1-B26C4C4E8237}"
EndProject
Project("{FAE04EC0-301F-11D3-BF4B-00C04F79EFBC}") = "VTSYoutubeDropper", "VTSYoutubeDropper\VTSYoutubeDropper.csproj", "{7BA00E0F-1622-40C1-8C16-BE8D855F4584}"
EndProject
Global
	GlobalSection(SolutionConfigurationPlatforms) = preSolution
		Debug|Any CPU = Debug|Any CPU
		Release|Any CPU = Release|Any CPU
	EndGlobalSection
	GlobalSection(ProjectConfigurationPlatforms) = postSolution
		{3FCB4D2A-AE69-44D3-AAA1-B26C4C4E8237}.Debug|Any CPU.ActiveCfg = Debug|Any CPU
		{3FCB4D2A-AE69-44D3-AAA1-B26C4C4E8237}.Debug|Any CPU.Build.0 = Debug|Any CPU
		{3FCB4D2A-AE69-44D3-AAA1-B26C4C4E8237}.Release|Any CPU.ActiveCfg = Release|Any CPU
		{3FCB4D2A-AE69-44D3-AAA1-B26C4C4E8237}.Release|Any CPU.Build.0 = Release|Any CPU
		{7BA00E0F-1622-40C1-8C16-BE8D855F4584}.Debug|Any CPU.ActiveCfg = Debug|Any CPU
		{7BA00E0F-1622-40C1-8C16-BE8D855F4584}.Debug|Any CPU.Build.0 = Debug|Any CPU
		{7BA00E0F-1622-40C1-8C16-BE8D855F4584}.Release|Any CPU.ActiveCfg = Release|Any CPU
		{7BA00E0F-1622-40C1-8C16-BE8D855F4584}.Release|Any CPU.Build.0 = Release|Any CPU
	EndGlobalSection
EndGlobal
